
Microsoft Visual Studio Solution File, Format Version 12.00
# Visual Studio 2013
VisualStudioVersion = 12.0.0.0
MinimumVisualStudioVersion = 10.0.0.1
Project("{FAE04EC0-301F-11D3-BF4B-00C04F79EFBC}") = "Iteration", "Iteration/Iteration.csproj", "{0AE56B11-7B78-4276-8EA6-E1DD2A052535}"
EndProject
Project("{FAE04EC0-301F-11D3-BF4B-00C04F79EFBC}") = "Test", "Test\Test.csproj", "{CE00FF00-AB19-4C5F-9B9C-B7B7DEE32CE9}"
EndProject
Global
	GlobalSection(SolutionConfigurationPlatforms) = preSolution
		Debug|Any CPU = Debug|Any CPU
		Release|Any CPU = Release|Any CPU
	EndGlobalSection
	GlobalSection(ProjectConfigurationPlatforms) = postSolution
		{0AE56B11-7B78-4276-8EA6-E1DD2A052535}.Debug|Any CPU.ActiveCfg = Debug|Any CPU
		{0AE56B11-7B78-4276-8EA6-E1DD2A052535}.Debug|Any CPU.Build.0 = Debug|Any CPU
		{0AE56B11-7B78-4276-8EA6-E1DD2A052535}.Release|Any CPU.ActiveCfg = Release|Any CPU
		{0AE56B11-7B78-4276-8EA6-E1DD2A052535}.Release|Any CPU.Build.0 = Release|Any CPU
		{CE00FF00-AB19-4C5F-9B9C-B7B7DEE32CE9}.Debug|Any CPU.ActiveCfg = Debug|Any CPU
		{CE00FF00-AB19-4C5F-9B9C-B7B7DEE32CE9}.Debug|Any CPU.Build.0 = Debug|Any CPU
		{CE00FF00-AB19-4C5F-9B9C-B7B7DEE32CE9}.Release|Any CPU.ActiveCfg = Release|Any CPU
		{CE00FF00-AB19-4C5F-9B9C-B7B7DEE32CE9}.Release|Any CPU.Build.0 = Release|Any CPU
	EndGlobalSection
	GlobalSection(SolutionProperties) = preSolution
		HideSolutionNode = FALSE
	EndGlobalSection
EndGlobal
